// !$*UTF8*$!
{
	archiveVersion = 1;
	classes = {
	};
	objectVersion = 56;
	objects = {

/* Begin PBXBuildFile section */
		A891F478A14112C8B2CB1EE3 /* Pods_Movie.framework in Frameworks */ = {isa = PBXBuildFile; fileRef = 9838583A4E176404F4250150 /* Pods_Movie.framework */; };
		BF9690DA2D0AD18B0080722B /* MovieCastRetriever.swift in Sources */ = {isa = PBXBuildFile; fileRef = BF9690D92D0AD18B0080722B /* MovieCastRetriever.swift */; };
		BF9690DC2D0AD2B10080722B /* MovieCast.swift in Sources */ = {isa = PBXBuildFile; fileRef = BF9690DB2D0AD2B10080722B /* MovieCast.swift */; };
		BF9690DE2D0AD3030080722B /* Cast.swift in Sources */ = {isa = PBXBuildFile; fileRef = BF9690DD2D0AD3030080722B /* Cast.swift */; };
		BF9690E02D0AD3180080722B /* Crew.swift in Sources */ = {isa = PBXBuildFile; fileRef = BF9690DF2D0AD3180080722B /* Crew.swift */; };
		BF96918A2D0B415D0080722B /* CoreDataManager.swift in Sources */ = {isa = PBXBuildFile; fileRef = BF9691892D0B415D0080722B /* CoreDataManager.swift */; };
		BF96918D2D0B5EC70080722B /* Toast.swift in Sources */ = {isa = PBXBuildFile; fileRef = BF96918C2D0B5EC70080722B /* Toast.swift */; };
		BF96918F2D0B64AB0080722B /* MovieStorage.swift in Sources */ = {isa = PBXBuildFile; fileRef = BF96918E2D0B64AB0080722B /* MovieStorage.swift */; };
		BFD7953C2D0A150600C42B52 /* Api.swift in Sources */ = {isa = PBXBuildFile; fileRef = BFD7951B2D0A150600C42B52 /* Api.swift */; };
		BFD7953D2D0A150600C42B52 /* Constants.swift in Sources */ = {isa = PBXBuildFile; fileRef = BFD7951C2D0A150600C42B52 /* Constants.swift */; };
		BFD7953E2D0A150600C42B52 /* SearchBar.swift in Sources */ = {isa = PBXBuildFile; fileRef = BFD7951E2D0A150600C42B52 /* SearchBar.swift */; };
		BFD7953F2D0A150600C42B52 /* MovieCollectionViewCell.swift in Sources */ = {isa = PBXBuildFile; fileRef = BFD795212D0A150600C42B52 /* MovieCollectionViewCell.swift */; };
		BFD795402D0A150600C42B52 /* MovieCastTableViewCell.swift in Sources */ = {isa = PBXBuildFile; fileRef = BFD795242D0A150600C42B52 /* MovieCastTableViewCell.swift */; };
		BFD795412D0A150600C42B52 /* MovieDescriptionTableViewCell.swift in Sources */ = {isa = PBXBuildFile; fileRef = BFD795262D0A150600C42B52 /* MovieDescriptionTableViewCell.swift */; };
		BFD795422D0A150600C42B52 /* MovieTitleDetailCell.swift in Sources */ = {isa = PBXBuildFile; fileRef = BFD795282D0A150600C42B52 /* MovieTitleDetailCell.swift */; };
		BFD795432D0A150600C42B52 /* MovieDetailViewController.swift in Sources */ = {isa = PBXBuildFile; fileRef = BFD7952C2D0A150600C42B52 /* MovieDetailViewController.swift */; };
		BFD795442D0A150600C42B52 /* MovieSearchViewController.swift in Sources */ = {isa = PBXBuildFile; fileRef = BFD7952D2D0A150600C42B52 /* MovieSearchViewController.swift */; };
		BFD795452D0A150600C42B52 /* AppDelegate.swift in Sources */ = {isa = PBXBuildFile; fileRef = BFD795302D0A150600C42B52 /* AppDelegate.swift */; };
		BFD795462D0A150600C42B52 /* Movie.xcdatamodeld in Sources */ = {isa = PBXBuildFile; fileRef = BFD795372D0A150600C42B52 /* Movie.xcdatamodeld */; };
		BFD795472D0A150600C42B52 /* SceneDelegate.swift in Sources */ = {isa = PBXBuildFile; fileRef = BFD795382D0A150600C42B52 /* SceneDelegate.swift */; };
		BFD795482D0A150600C42B52 /* ViewController.swift in Sources */ = {isa = PBXBuildFile; fileRef = BFD795392D0A150600C42B52 /* ViewController.swift */; };
		BFD795492D0A150600C42B52 /* MovieCollectionViewCell.xib in Resources */ = {isa = PBXBuildFile; fileRef = BFD795222D0A150600C42B52 /* MovieCollectionViewCell.xib */; };
		BFD7954A2D0A150600C42B52 /* MovieCastTableViewCell.xib in Resources */ = {isa = PBXBuildFile; fileRef = BFD795252D0A150600C42B52 /* MovieCastTableViewCell.xib */; };
		BFD7954B2D0A150600C42B52 /* MovieDescriptionTableViewCell.xib in Resources */ = {isa = PBXBuildFile; fileRef = BFD795272D0A150600C42B52 /* MovieDescriptionTableViewCell.xib */; };
		BFD7954C2D0A150600C42B52 /* MovieTitleDetailCell.xib in Resources */ = {isa = PBXBuildFile; fileRef = BFD795292D0A150600C42B52 /* MovieTitleDetailCell.xib */; };
		BFD7954D2D0A150600C42B52 /* Assets.xcassets in Resources */ = {isa = PBXBuildFile; fileRef = BFD795312D0A150600C42B52 /* Assets.xcassets */; };
		BFD7954F2D0A150600C42B52 /* LaunchScreen.storyboard in Resources */ = {isa = PBXBuildFile; fileRef = BFD795342D0A150600C42B52 /* LaunchScreen.storyboard */; };
		BFD795502D0A150600C42B52 /* Main.storyboard in Resources */ = {isa = PBXBuildFile; fileRef = BFD795362D0A150600C42B52 /* Main.storyboard */; };
		BFD795532D0A150C00C42B52 /* MovieTests.swift in Sources */ = {isa = PBXBuildFile; fileRef = BFD795512D0A150C00C42B52 /* MovieTests.swift */; };
		BFD795FC2D0A180A00C42B52 /* ApiManager.swift in Sources */ = {isa = PBXBuildFile; fileRef = BFD795FB2D0A180A00C42B52 /* ApiManager.swift */; };
		BFD795FE2D0A1D3B00C42B52 /* MovieResults.swift in Sources */ = {isa = PBXBuildFile; fileRef = BFD795FD2D0A1D3B00C42B52 /* MovieResults.swift */; };
		BFD796002D0A1E0000C42B52 /* MovieBase.swift in Sources */ = {isa = PBXBuildFile; fileRef = BFD795FF2D0A1E0000C42B52 /* MovieBase.swift */; };
		BFD796032D0A24BB00C42B52 /* MovieDiscoverRetriever.swift in Sources */ = {isa = PBXBuildFile; fileRef = BFD796022D0A24BB00C42B52 /* MovieDiscoverRetriever.swift */; };
		BFD796052D0A293A00C42B52 /* MovieSearchViewModel.swift in Sources */ = {isa = PBXBuildFile; fileRef = BFD796042D0A293A00C42B52 /* MovieSearchViewModel.swift */; };
		BFD796072D0A2C9C00C42B52 /* UIImageView.swift in Sources */ = {isa = PBXBuildFile; fileRef = BFD796062D0A2C9C00C42B52 /* UIImageView.swift */; };
		BFD7960A2D0AABBF00C42B52 /* AlertHelper.swift in Sources */ = {isa = PBXBuildFile; fileRef = BFD796092D0AABBF00C42B52 /* AlertHelper.swift */; };
		BFD7960C2D0AABF100C42B52 /* Strings.swift in Sources */ = {isa = PBXBuildFile; fileRef = BFD7960B2D0AABF100C42B52 /* Strings.swift */; };
		BFD7960F2D0AAD0D00C42B52 /* ActivityIndicator.swift in Sources */ = {isa = PBXBuildFile; fileRef = BFD7960E2D0AAD0D00C42B52 /* ActivityIndicator.swift */; };
		BFD796112D0AAD4A00C42B52 /* UIView.swift in Sources */ = {isa = PBXBuildFile; fileRef = BFD796102D0AAD4A00C42B52 /* UIView.swift */; };
		BFD796132D0AAE7A00C42B52 /* MovieSearchRetriever.swift in Sources */ = {isa = PBXBuildFile; fileRef = BFD796122D0AAE7A00C42B52 /* MovieSearchRetriever.swift */; };
		BFD796152D0AC2F700C42B52 /* MovieDetailRetriever.swift in Sources */ = {isa = PBXBuildFile; fileRef = BFD796142D0AC2F700C42B52 /* MovieDetailRetriever.swift */; };
		BFD796172D0AC54C00C42B52 /* MovieDetail.swift in Sources */ = {isa = PBXBuildFile; fileRef = BFD796162D0AC54C00C42B52 /* MovieDetail.swift */; };
		BFD796192D0AC57F00C42B52 /* Belongs_to_collection.swift in Sources */ = {isa = PBXBuildFile; fileRef = BFD796182D0AC57F00C42B52 /* Belongs_to_collection.swift */; };
		BFD7961B2D0AC59600C42B52 /* Genres.swift in Sources */ = {isa = PBXBuildFile; fileRef = BFD7961A2D0AC59600C42B52 /* Genres.swift */; };
		BFD7961D2D0AC5AE00C42B52 /* Production_companies.swift in Sources */ = {isa = PBXBuildFile; fileRef = BFD7961C2D0AC5AE00C42B52 /* Production_companies.swift */; };
		BFD7961F2D0AC5BD00C42B52 /* Production_countries.swift in Sources */ = {isa = PBXBuildFile; fileRef = BFD7961E2D0AC5BD00C42B52 /* Production_countries.swift */; };
		BFD796212D0AC5CE00C42B52 /* Spoken_languages.swift in Sources */ = {isa = PBXBuildFile; fileRef = BFD796202D0AC5CE00C42B52 /* Spoken_languages.swift */; };
		BFD796232D0AC6DE00C42B52 /* MovieDetailViewModel.swift in Sources */ = {isa = PBXBuildFile; fileRef = BFD796222D0AC6DE00C42B52 /* MovieDetailViewModel.swift */; };
/* End PBXBuildFile section */

/* Begin PBXContainerItemProxy section */
		BFD792852D089CA600C42B52 /* PBXContainerItemProxy */ = {
			isa = PBXContainerItemProxy;
			containerPortal = BFD792632D089CA300C42B52 /* Project object */;
			proxyType = 1;
			remoteGlobalIDString = BFD7926A2D089CA300C42B52;
			remoteInfo = Movie;
		};
		BFD7928F2D089CA600C42B52 /* PBXContainerItemProxy */ = {
			isa = PBXContainerItemProxy;
			containerPortal = BFD792632D089CA300C42B52 /* Project object */;
			proxyType = 1;
			remoteGlobalIDString = BFD7926A2D089CA300C42B52;
			remoteInfo = Movie;
		};
/* End PBXContainerItemProxy section */

/* Begin PBXFileReference section */
		10E56DFB4C108035CB2148F9 /* Pods-Movie.release.xcconfig */ = {isa = PBXFileReference; includeInIndex = 1; lastKnownFileType = text.xcconfig; name = "Pods-Movie.release.xcconfig"; path = "Target Support Files/Pods-Movie/Pods-Movie.release.xcconfig"; sourceTree = "<group>"; };
		283124E0EF2B11BA39165626 /* Pods-Movie.debug.xcconfig */ = {isa = PBXFileReference; includeInIndex = 1; lastKnownFileType = text.xcconfig; name = "Pods-Movie.debug.xcconfig"; path = "Target Support Files/Pods-Movie/Pods-Movie.debug.xcconfig"; sourceTree = "<group>"; };
		9838583A4E176404F4250150 /* Pods_Movie.framework */ = {isa = PBXFileReference; explicitFileType = wrapper.framework; includeInIndex = 0; path = Pods_Movie.framework; sourceTree = BUILT_PRODUCTS_DIR; };
		BF9690D92D0AD18B0080722B /* MovieCastRetriever.swift */ = {isa = PBXFileReference; lastKnownFileType = sourcecode.swift; path = MovieCastRetriever.swift; sourceTree = "<group>"; };
		BF9690DB2D0AD2B10080722B /* MovieCast.swift */ = {isa = PBXFileReference; lastKnownFileType = sourcecode.swift; path = MovieCast.swift; sourceTree = "<group>"; };
		BF9690DD2D0AD3030080722B /* Cast.swift */ = {isa = PBXFileReference; lastKnownFileType = sourcecode.swift; path = Cast.swift; sourceTree = "<group>"; };
		BF9690DF2D0AD3180080722B /* Crew.swift */ = {isa = PBXFileReference; lastKnownFileType = sourcecode.swift; path = Crew.swift; sourceTree = "<group>"; };
		BF9691892D0B415D0080722B /* CoreDataManager.swift */ = {isa = PBXFileReference; lastKnownFileType = sourcecode.swift; path = CoreDataManager.swift; sourceTree = "<group>"; };
		BF96918C2D0B5EC70080722B /* Toast.swift */ = {isa = PBXFileReference; lastKnownFileType = sourcecode.swift; path = Toast.swift; sourceTree = "<group>"; };
		BF96918E2D0B64AB0080722B /* MovieStorage.swift */ = {isa = PBXFileReference; lastKnownFileType = sourcecode.swift; path = MovieStorage.swift; sourceTree = "<group>"; };
		BFD7926B2D089CA300C42B52 /* Movie.app */ = {isa = PBXFileReference; explicitFileType = wrapper.application; includeInIndex = 0; path = Movie.app; sourceTree = BUILT_PRODUCTS_DIR; };
		BFD792842D089CA600C42B52 /* MovieTests.xctest */ = {isa = PBXFileReference; explicitFileType = wrapper.cfbundle; includeInIndex = 0; path = MovieTests.xctest; sourceTree = BUILT_PRODUCTS_DIR; };
		BFD7928E2D089CA600C42B52 /* MovieUITests.xctest */ = {isa = PBXFileReference; explicitFileType = wrapper.cfbundle; includeInIndex = 0; path = MovieUITests.xctest; sourceTree = BUILT_PRODUCTS_DIR; };
		BFD7951B2D0A150600C42B52 /* Api.swift */ = {isa = PBXFileReference; lastKnownFileType = sourcecode.swift; path = Api.swift; sourceTree = "<group>"; };
		BFD7951C2D0A150600C42B52 /* Constants.swift */ = {isa = PBXFileReference; lastKnownFileType = sourcecode.swift; path = Constants.swift; sourceTree = "<group>"; };
		BFD7951E2D0A150600C42B52 /* SearchBar.swift */ = {isa = PBXFileReference; lastKnownFileType = sourcecode.swift; path = SearchBar.swift; sourceTree = "<group>"; };
		BFD795212D0A150600C42B52 /* MovieCollectionViewCell.swift */ = {isa = PBXFileReference; lastKnownFileType = sourcecode.swift; path = MovieCollectionViewCell.swift; sourceTree = "<group>"; };
		BFD795222D0A150600C42B52 /* MovieCollectionViewCell.xib */ = {isa = PBXFileReference; lastKnownFileType = file.xib; path = MovieCollectionViewCell.xib; sourceTree = "<group>"; };
		BFD795242D0A150600C42B52 /* MovieCastTableViewCell.swift */ = {isa = PBXFileReference; lastKnownFileType = sourcecode.swift; path = MovieCastTableViewCell.swift; sourceTree = "<group>"; };
		BFD795252D0A150600C42B52 /* MovieCastTableViewCell.xib */ = {isa = PBXFileReference; lastKnownFileType = file.xib; path = MovieCastTableViewCell.xib; sourceTree = "<group>"; };
		BFD795262D0A150600C42B52 /* MovieDescriptionTableViewCell.swift */ = {isa = PBXFileReference; lastKnownFileType = sourcecode.swift; path = MovieDescriptionTableViewCell.swift; sourceTree = "<group>"; };
		BFD795272D0A150600C42B52 /* MovieDescriptionTableViewCell.xib */ = {isa = PBXFileReference; lastKnownFileType = file.xib; path = MovieDescriptionTableViewCell.xib; sourceTree = "<group>"; };
		BFD795282D0A150600C42B52 /* MovieTitleDetailCell.swift */ = {isa = PBXFileReference; lastKnownFileType = sourcecode.swift; path = MovieTitleDetailCell.swift; sourceTree = "<group>"; };
		BFD795292D0A150600C42B52 /* MovieTitleDetailCell.xib */ = {isa = PBXFileReference; lastKnownFileType = file.xib; path = MovieTitleDetailCell.xib; sourceTree = "<group>"; };
		BFD7952C2D0A150600C42B52 /* MovieDetailViewController.swift */ = {isa = PBXFileReference; lastKnownFileType = sourcecode.swift; path = MovieDetailViewController.swift; sourceTree = "<group>"; };
		BFD7952D2D0A150600C42B52 /* MovieSearchViewController.swift */ = {isa = PBXFileReference; lastKnownFileType = sourcecode.swift; path = MovieSearchViewController.swift; sourceTree = "<group>"; };
		BFD795302D0A150600C42B52 /* AppDelegate.swift */ = {isa = PBXFileReference; lastKnownFileType = sourcecode.swift; path = AppDelegate.swift; sourceTree = "<group>"; };
		BFD795312D0A150600C42B52 /* Assets.xcassets */ = {isa = PBXFileReference; lastKnownFileType = folder.assetcatalog; path = Assets.xcassets; sourceTree = "<group>"; };
		BFD795322D0A150600C42B52 /* Info.plist */ = {isa = PBXFileReference; lastKnownFileType = text.plist.xml; path = Info.plist; sourceTree = "<group>"; };
		BFD795332D0A150600C42B52 /* Base */ = {isa = PBXFileReference; lastKnownFileType = file.storyboard; name = Base; path = Base.lproj/LaunchScreen.storyboard; sourceTree = "<group>"; };
		BFD795352D0A150600C42B52 /* Base */ = {isa = PBXFileReference; lastKnownFileType = file.storyboard; name = Base; path = Base.lproj/Main.storyboard; sourceTree = "<group>"; };
		BFD795382D0A150600C42B52 /* SceneDelegate.swift */ = {isa = PBXFileReference; lastKnownFileType = sourcecode.swift; path = SceneDelegate.swift; sourceTree = "<group>"; };
		BFD795392D0A150600C42B52 /* ViewController.swift */ = {isa = PBXFileReference; lastKnownFileType = sourcecode.swift; path = ViewController.swift; sourceTree = "<group>"; };
		BFD7953B2D0A150600C42B52 /* Movie.xcdatamodel */ = {isa = PBXFileReference; lastKnownFileType = wrapper.xcdatamodel; path = Movie.xcdatamodel; sourceTree = "<group>"; };
		BFD795512D0A150C00C42B52 /* MovieTests.swift */ = {isa = PBXFileReference; lastKnownFileType = sourcecode.swift; path = MovieTests.swift; sourceTree = "<group>"; };
		BFD795FB2D0A180A00C42B52 /* ApiManager.swift */ = {isa = PBXFileReference; lastKnownFileType = sourcecode.swift; path = ApiManager.swift; sourceTree = "<group>"; };
		BFD795FD2D0A1D3B00C42B52 /* MovieResults.swift */ = {isa = PBXFileReference; lastKnownFileType = sourcecode.swift; path = MovieResults.swift; sourceTree = "<group>"; };
		BFD795FF2D0A1E0000C42B52 /* MovieBase.swift */ = {isa = PBXFileReference; lastKnownFileType = sourcecode.swift; path = MovieBase.swift; sourceTree = "<group>"; };
		BFD796022D0A24BB00C42B52 /* MovieDiscoverRetriever.swift */ = {isa = PBXFileReference; lastKnownFileType = sourcecode.swift; path = MovieDiscoverRetriever.swift; sourceTree = "<group>"; };
		BFD796042D0A293A00C42B52 /* MovieSearchViewModel.swift */ = {isa = PBXFileReference; lastKnownFileType = sourcecode.swift; path = MovieSearchViewModel.swift; sourceTree = "<group>"; };
		BFD796062D0A2C9C00C42B52 /* UIImageView.swift */ = {isa = PBXFileReference; lastKnownFileType = sourcecode.swift; path = UIImageView.swift; sourceTree = "<group>"; };
		BFD796092D0AABBF00C42B52 /* AlertHelper.swift */ = {isa = PBXFileReference; lastKnownFileType = sourcecode.swift; path = AlertHelper.swift; sourceTree = "<group>"; };
		BFD7960B2D0AABF100C42B52 /* Strings.swift */ = {isa = PBXFileReference; lastKnownFileType = sourcecode.swift; path = Strings.swift; sourceTree = "<group>"; };
		BFD7960E2D0AAD0D00C42B52 /* ActivityIndicator.swift */ = {isa = PBXFileReference; lastKnownFileType = sourcecode.swift; path = ActivityIndicator.swift; sourceTree = "<group>"; };
		BFD796102D0AAD4A00C42B52 /* UIView.swift */ = {isa = PBXFileReference; lastKnownFileType = sourcecode.swift; path = UIView.swift; sourceTree = "<group>"; };
		BFD796122D0AAE7A00C42B52 /* MovieSearchRetriever.swift */ = {isa = PBXFileReference; lastKnownFileType = sourcecode.swift; path = MovieSearchRetriever.swift; sourceTree = "<group>"; };
		BFD796142D0AC2F700C42B52 /* MovieDetailRetriever.swift */ = {isa = PBXFileReference; lastKnownFileType = sourcecode.swift; path = MovieDetailRetriever.swift; sourceTree = "<group>"; };
		BFD796162D0AC54C00C42B52 /* MovieDetail.swift */ = {isa = PBXFileReference; lastKnownFileType = sourcecode.swift; path = MovieDetail.swift; sourceTree = "<group>"; };
		BFD796182D0AC57F00C42B52 /* Belongs_to_collection.swift */ = {isa = PBXFileReference; lastKnownFileType = sourcecode.swift; path = Belongs_to_collection.swift; sourceTree = "<group>"; };
		BFD7961A2D0AC59600C42B52 /* Genres.swift */ = {isa = PBXFileReference; lastKnownFileType = sourcecode.swift; path = Genres.swift; sourceTree = "<group>"; };
		BFD7961C2D0AC5AE00C42B52 /* Production_companies.swift */ = {isa = PBXFileReference; lastKnownFileType = sourcecode.swift; path = Production_companies.swift; sourceTree = "<group>"; };
		BFD7961E2D0AC5BD00C42B52 /* Production_countries.swift */ = {isa = PBXFileReference; lastKnownFileType = sourcecode.swift; path = Production_countries.swift; sourceTree = "<group>"; };
		BFD796202D0AC5CE00C42B52 /* Spoken_languages.swift */ = {isa = PBXFileReference; lastKnownFileType = sourcecode.swift; path = Spoken_languages.swift; sourceTree = "<group>"; };
		BFD796222D0AC6DE00C42B52 /* MovieDetailViewModel.swift */ = {isa = PBXFileReference; lastKnownFileType = sourcecode.swift; path = MovieDetailViewModel.swift; sourceTree = "<group>"; };
/* End PBXFileReference section */

/* Begin PBXFrameworksBuildPhase section */
		BFD792682D089CA300C42B52 /* Frameworks */ = {
			isa = PBXFrameworksBuildPhase;
			buildActionMask = 2147483647;
			files = (
				A891F478A14112C8B2CB1EE3 /* Pods_Movie.framework in Frameworks */,
			);
			runOnlyForDeploymentPostprocessing = 0;
		};
		BFD792812D089CA600C42B52 /* Frameworks */ = {
			isa = PBXFrameworksBuildPhase;
			buildActionMask = 2147483647;
			files = (
			);
			runOnlyForDeploymentPostprocessing = 0;
		};
		BFD7928B2D089CA600C42B52 /* Frameworks */ = {
			isa = PBXFrameworksBuildPhase;
			buildActionMask = 2147483647;
			files = (
			);
			runOnlyForDeploymentPostprocessing = 0;
		};
/* End PBXFrameworksBuildPhase section */

/* Begin PBXGroup section */
		609AB965870DDA6BF5A618F3 /* Pods */ = {
			isa = PBXGroup;
			children = (
				283124E0EF2B11BA39165626 /* Pods-Movie.debug.xcconfig */,
				10E56DFB4C108035CB2148F9 /* Pods-Movie.release.xcconfig */,
			);
			path = Pods;
			sourceTree = "<group>";
		};
		BF9691882D0B41510080722B /* CoreDataManager */ = {
			isa = PBXGroup;
			children = (
				BF9691892D0B415D0080722B /* CoreDataManager.swift */,
				BF96918E2D0B64AB0080722B /* MovieStorage.swift */,
			);
			path = CoreDataManager;
			sourceTree = "<group>";
		};
		BF96918B2D0B5EBD0080722B /* Toast */ = {
			isa = PBXGroup;
			children = (
				BF96918C2D0B5EC70080722B /* Toast.swift */,
			);
			path = Toast;
			sourceTree = "<group>";
		};
		BFD792622D089CA300C42B52 = {
			isa = PBXGroup;
			children = (
				BFD7953A2D0A150600C42B52 /* Movie */,
				BFD795522D0A150C00C42B52 /* MovieTests */,
				BFD7926C2D089CA300C42B52 /* Products */,
				609AB965870DDA6BF5A618F3 /* Pods */,
				D623D192D1230C2FF4B1A234 /* Frameworks */,
			);
			sourceTree = "<group>";
		};
		BFD7926C2D089CA300C42B52 /* Products */ = {
			isa = PBXGroup;
			children = (
				BFD7926B2D089CA300C42B52 /* Movie.app */,
				BFD792842D089CA600C42B52 /* MovieTests.xctest */,
				BFD7928E2D089CA600C42B52 /* MovieUITests.xctest */,
			);
			name = Products;
			sourceTree = "<group>";
		};
		BFD7951A2D0A150600C42B52 /* ApiManager */ = {
			isa = PBXGroup;
			children = (
				BFD795FB2D0A180A00C42B52 /* ApiManager.swift */,
			);
			path = ApiManager;
			sourceTree = "<group>";
		};
		BFD7951D2D0A150600C42B52 /* Constants */ = {
			isa = PBXGroup;
			children = (
				BFD7951B2D0A150600C42B52 /* Api.swift */,
				BFD7951C2D0A150600C42B52 /* Constants.swift */,
				BFD7960B2D0AABF100C42B52 /* Strings.swift */,
			);
			path = Constants;
			sourceTree = "<group>";
		};
		BFD7951F2D0A150600C42B52 /* Extensions */ = {
			isa = PBXGroup;
			children = (
				BFD7951E2D0A150600C42B52 /* SearchBar.swift */,
				BFD796062D0A2C9C00C42B52 /* UIImageView.swift */,
				BFD796102D0AAD4A00C42B52 /* UIView.swift */,
			);
			path = Extensions;
			sourceTree = "<group>";
		};
		BFD795202D0A150600C42B52 /* Model */ = {
			isa = PBXGroup;
			children = (
				BF9690DF2D0AD3180080722B /* Crew.swift */,
				BF9690DD2D0AD3030080722B /* Cast.swift */,
				BFD795FD2D0A1D3B00C42B52 /* MovieResults.swift */,
				BFD795FF2D0A1E0000C42B52 /* MovieBase.swift */,
				BFD796162D0AC54C00C42B52 /* MovieDetail.swift */,
				BFD796182D0AC57F00C42B52 /* Belongs_to_collection.swift */,
				BFD7961A2D0AC59600C42B52 /* Genres.swift */,
				BFD7961C2D0AC5AE00C42B52 /* Production_companies.swift */,
				BFD7961E2D0AC5BD00C42B52 /* Production_countries.swift */,
				BFD796202D0AC5CE00C42B52 /* Spoken_languages.swift */,
				BF9690DB2D0AD2B10080722B /* MovieCast.swift */,
			);
			path = Model;
			sourceTree = "<group>";
		};
		BFD795232D0A150600C42B52 /* MovieCollectionViewCell */ = {
			isa = PBXGroup;
			children = (
				BFD795212D0A150600C42B52 /* MovieCollectionViewCell.swift */,
				BFD795222D0A150600C42B52 /* MovieCollectionViewCell.xib */,
			);
			path = MovieCollectionViewCell;
			sourceTree = "<group>";
		};
		BFD7952A2D0A150600C42B52 /* MovieTableViewCell */ = {
			isa = PBXGroup;
			children = (
				BFD795242D0A150600C42B52 /* MovieCastTableViewCell.swift */,
				BFD795252D0A150600C42B52 /* MovieCastTableViewCell.xib */,
				BFD795262D0A150600C42B52 /* MovieDescriptionTableViewCell.swift */,
				BFD795272D0A150600C42B52 /* MovieDescriptionTableViewCell.xib */,
				BFD795282D0A150600C42B52 /* MovieTitleDetailCell.swift */,
				BFD795292D0A150600C42B52 /* MovieTitleDetailCell.xib */,
			);
			path = MovieTableViewCell;
			sourceTree = "<group>";
		};
		BFD7952B2D0A150600C42B52 /* View */ = {
			isa = PBXGroup;
			children = (
				BF96918B2D0B5EBD0080722B /* Toast */,
				BFD7960D2D0AAD0100C42B52 /* ActivityIndicator */,
				BFD795232D0A150600C42B52 /* MovieCollectionViewCell */,
				BFD7952A2D0A150600C42B52 /* MovieTableViewCell */,
			);
			path = View;
			sourceTree = "<group>";
		};
		BFD7952E2D0A150600C42B52 /* ViewController */ = {
			isa = PBXGroup;
			children = (
				BFD7952C2D0A150600C42B52 /* MovieDetailViewController.swift */,
				BFD7952D2D0A150600C42B52 /* MovieSearchViewController.swift */,
			);
			path = ViewController;
			sourceTree = "<group>";
		};
		BFD7952F2D0A150600C42B52 /* ViewModel */ = {
			isa = PBXGroup;
			children = (
				BFD796042D0A293A00C42B52 /* MovieSearchViewModel.swift */,
				BFD796222D0AC6DE00C42B52 /* MovieDetailViewModel.swift */,
			);
			path = ViewModel;
			sourceTree = "<group>";
		};
		BFD7953A2D0A150600C42B52 /* Movie */ = {
			isa = PBXGroup;
			children = (
				BF9691882D0B41510080722B /* CoreDataManager */,
				BFD796082D0AABAF00C42B52 /* Utilities */,
				BFD796012D0A1F9E00C42B52 /* Networking */,
				BFD7951A2D0A150600C42B52 /* ApiManager */,
				BFD7951D2D0A150600C42B52 /* Constants */,
				BFD7951F2D0A150600C42B52 /* Extensions */,
				BFD795202D0A150600C42B52 /* Model */,
				BFD7952B2D0A150600C42B52 /* View */,
				BFD7952E2D0A150600C42B52 /* ViewController */,
				BFD7952F2D0A150600C42B52 /* ViewModel */,
				BFD795302D0A150600C42B52 /* AppDelegate.swift */,
				BFD795312D0A150600C42B52 /* Assets.xcassets */,
				BFD795322D0A150600C42B52 /* Info.plist */,
				BFD795342D0A150600C42B52 /* LaunchScreen.storyboard */,
				BFD795362D0A150600C42B52 /* Main.storyboard */,
				BFD795372D0A150600C42B52 /* Movie.xcdatamodeld */,
				BFD795382D0A150600C42B52 /* SceneDelegate.swift */,
				BFD795392D0A150600C42B52 /* ViewController.swift */,
			);
			path = Movie;
			sourceTree = "<group>";
		};
		BFD795522D0A150C00C42B52 /* MovieTests */ = {
			isa = PBXGroup;
			children = (
				BFD795512D0A150C00C42B52 /* MovieTests.swift */,
			);
			path = MovieTests;
			sourceTree = "<group>";
		};
		BFD796012D0A1F9E00C42B52 /* Networking */ = {
			isa = PBXGroup;
			children = (
				BFD796022D0A24BB00C42B52 /* MovieDiscoverRetriever.swift */,
				BFD796122D0AAE7A00C42B52 /* MovieSearchRetriever.swift */,
				BFD796142D0AC2F700C42B52 /* MovieDetailRetriever.swift */,
				BF9690D92D0AD18B0080722B /* MovieCastRetriever.swift */,
			);
			path = Networking;
			sourceTree = "<group>";
		};
		BFD796082D0AABAF00C42B52 /* Utilities */ = {
			isa = PBXGroup;
			children = (
				BFD796092D0AABBF00C42B52 /* AlertHelper.swift */,
			);
			path = Utilities;
			sourceTree = "<group>";
		};
		BFD7960D2D0AAD0100C42B52 /* ActivityIndicator */ = {
			isa = PBXGroup;
			children = (
				BFD7960E2D0AAD0D00C42B52 /* ActivityIndicator.swift */,
			);
			path = ActivityIndicator;
			sourceTree = "<group>";
		};
		D623D192D1230C2FF4B1A234 /* Frameworks */ = {
			isa = PBXGroup;
			children = (
				9838583A4E176404F4250150 /* Pods_Movie.framework */,
			);
			name = Frameworks;
			sourceTree = "<group>";
		};
/* End PBXGroup section */

/* Begin PBXNativeTarget section */
		BFD7926A2D089CA300C42B52 /* Movie */ = {
			isa = PBXNativeTarget;
			buildConfigurationList = BFD792972D089CA600C42B52 /* Build configuration list for PBXNativeTarget "Movie" */;
			buildPhases = (
				9B10CB714A9CBEA5BD3CDCB4 /* [CP] Check Pods Manifest.lock */,
				BFD792672D089CA300C42B52 /* Sources */,
				BFD792682D089CA300C42B52 /* Frameworks */,
				BFD792692D089CA300C42B52 /* Resources */,
				FD7BCC94B945DB89342B1E7B /* [CP] Embed Pods Frameworks */,
			);
			buildRules = (
			);
			dependencies = (
			);
			name = Movie;
			productName = Movie;
			productReference = BFD7926B2D089CA300C42B52 /* Movie.app */;
			productType = "com.apple.product-type.application";
		};
		BFD792832D089CA600C42B52 /* MovieTests */ = {
			isa = PBXNativeTarget;
			buildConfigurationList = BFD7929C2D089CA600C42B52 /* Build configuration list for PBXNativeTarget "MovieTests" */;
			buildPhases = (
				BFD792802D089CA600C42B52 /* Sources */,
				BFD792812D089CA600C42B52 /* Frameworks */,
				BFD792822D089CA600C42B52 /* Resources */,
			);
			buildRules = (
			);
			dependencies = (
				BFD792862D089CA600C42B52 /* PBXTargetDependency */,
			);
			name = MovieTests;
			productName = MovieTests;
			productReference = BFD792842D089CA600C42B52 /* MovieTests.xctest */;
			productType = "com.apple.product-type.bundle.unit-test";
		};
		BFD7928D2D089CA600C42B52 /* MovieUITests */ = {
			isa = PBXNativeTarget;
			buildConfigurationList = BFD7929F2D089CA600C42B52 /* Build configuration list for PBXNativeTarget "MovieUITests" */;
			buildPhases = (
				BFD7928A2D089CA600C42B52 /* Sources */,
				BFD7928B2D089CA600C42B52 /* Frameworks */,
				BFD7928C2D089CA600C42B52 /* Resources */,
			);
			buildRules = (
			);
			dependencies = (
				BFD792902D089CA600C42B52 /* PBXTargetDependency */,
			);
			name = MovieUITests;
			productName = MovieUITests;
			productReference = BFD7928E2D089CA600C42B52 /* MovieUITests.xctest */;
			productType = "com.apple.product-type.bundle.ui-testing";
		};
/* End PBXNativeTarget section */

/* Begin PBXProject section */
		BFD792632D089CA300C42B52 /* Project object */ = {
			isa = PBXProject;
			attributes = {
				BuildIndependentTargetsInParallel = 1;
				LastSwiftUpdateCheck = 1600;
				LastUpgradeCheck = 1600;
				TargetAttributes = {
					BFD7926A2D089CA300C42B52 = {
						CreatedOnToolsVersion = 16.0;
					};
					BFD792832D089CA600C42B52 = {
						CreatedOnToolsVersion = 16.0;
						TestTargetID = BFD7926A2D089CA300C42B52;
					};
					BFD7928D2D089CA600C42B52 = {
						CreatedOnToolsVersion = 16.0;
						TestTargetID = BFD7926A2D089CA300C42B52;
					};
				};
			};
			buildConfigurationList = BFD792662D089CA300C42B52 /* Build configuration list for PBXProject "Movie" */;
			compatibilityVersion = "Xcode 14.0";
			developmentRegion = en;
			hasScannedForEncodings = 0;
			knownRegions = (
				en,
				Base,
			);
			mainGroup = BFD792622D089CA300C42B52;
			productRefGroup = BFD7926C2D089CA300C42B52 /* Products */;
			projectDirPath = "";
			projectRoot = "";
			targets = (
				BFD7926A2D089CA300C42B52 /* Movie */,
				BFD792832D089CA600C42B52 /* MovieTests */,
				BFD7928D2D089CA600C42B52 /* MovieUITests */,
			);
		};
/* End PBXProject section */

/* Begin PBXResourcesBuildPhase section */
		BFD792692D089CA300C42B52 /* Resources */ = {
			isa = PBXResourcesBuildPhase;
			buildActionMask = 2147483647;
			files = (
				BFD795492D0A150600C42B52 /* MovieCollectionViewCell.xib in Resources */,
				BFD7954A2D0A150600C42B52 /* MovieCastTableViewCell.xib in Resources */,
				BFD7954B2D0A150600C42B52 /* MovieDescriptionTableViewCell.xib in Resources */,
				BFD7954C2D0A150600C42B52 /* MovieTitleDetailCell.xib in Resources */,
				BFD7954D2D0A150600C42B52 /* Assets.xcassets in Resources */,
				BFD7954F2D0A150600C42B52 /* LaunchScreen.storyboard in Resources */,
				BFD795502D0A150600C42B52 /* Main.storyboard in Resources */,
			);
			runOnlyForDeploymentPostprocessing = 0;
		};
		BFD792822D089CA600C42B52 /* Resources */ = {
			isa = PBXResourcesBuildPhase;
			buildActionMask = 2147483647;
			files = (
			);
			runOnlyForDeploymentPostprocessing = 0;
		};
		BFD7928C2D089CA600C42B52 /* Resources */ = {
			isa = PBXResourcesBuildPhase;
			buildActionMask = 2147483647;
			files = (
			);
			runOnlyForDeploymentPostprocessing = 0;
		};
/* End PBXResourcesBuildPhase section */

/* Begin PBXShellScriptBuildPhase section */
		9B10CB714A9CBEA5BD3CDCB4 /* [CP] Check Pods Manifest.lock */ = {
			isa = PBXShellScriptBuildPhase;
			buildActionMask = 2147483647;
			files = (
			);
			inputFileListPaths = (
			);
			inputPaths = (
				"${PODS_PODFILE_DIR_PATH}/Podfile.lock",
				"${PODS_ROOT}/Manifest.lock",
			);
			name = "[CP] Check Pods Manifest.lock";
			outputFileListPaths = (
			);
			outputPaths = (
				"$(DERIVED_FILE_DIR)/Pods-Movie-checkManifestLockResult.txt",
			);
			runOnlyForDeploymentPostprocessing = 0;
			shellPath = /bin/sh;
			shellScript = "diff \"${PODS_PODFILE_DIR_PATH}/Podfile.lock\" \"${PODS_ROOT}/Manifest.lock\" > /dev/null\nif [ $? != 0 ] ; then\n    # print error to STDERR\n    echo \"error: The sandbox is not in sync with the Podfile.lock. Run 'pod install' or update your CocoaPods installation.\" >&2\n    exit 1\nfi\n# This output is used by Xcode 'outputs' to avoid re-running this script phase.\necho \"SUCCESS\" > \"${SCRIPT_OUTPUT_FILE_0}\"\n";
			showEnvVarsInLog = 0;
		};
		FD7BCC94B945DB89342B1E7B /* [CP] Embed Pods Frameworks */ = {
			isa = PBXShellScriptBuildPhase;
			buildActionMask = 2147483647;
			files = (
			);
			inputFileListPaths = (
				"${PODS_ROOT}/Target Support Files/Pods-Movie/Pods-Movie-frameworks-${CONFIGURATION}-input-files.xcfilelist",
			);
			name = "[CP] Embed Pods Frameworks";
			outputFileListPaths = (
				"${PODS_ROOT}/Target Support Files/Pods-Movie/Pods-Movie-frameworks-${CONFIGURATION}-output-files.xcfilelist",
			);
			runOnlyForDeploymentPostprocessing = 0;
			shellPath = /bin/sh;
			shellScript = "\"${PODS_ROOT}/Target Support Files/Pods-Movie/Pods-Movie-frameworks.sh\"\n";
			showEnvVarsInLog = 0;
		};
/* End PBXShellScriptBuildPhase section */

/* Begin PBXSourcesBuildPhase section */
		BFD792672D089CA300C42B52 /* Sources */ = {
			isa = PBXSourcesBuildPhase;
			buildActionMask = 2147483647;
			files = (
				BFD7953C2D0A150600C42B52 /* Api.swift in Sources */,
				BFD7961F2D0AC5BD00C42B52 /* Production_countries.swift in Sources */,
				BF9690DE2D0AD3030080722B /* Cast.swift in Sources */,
				BF96918D2D0B5EC70080722B /* Toast.swift in Sources */,
				BFD7953D2D0A150600C42B52 /* Constants.swift in Sources */,
				BFD7953E2D0A150600C42B52 /* SearchBar.swift in Sources */,
				BFD7953F2D0A150600C42B52 /* MovieCollectionViewCell.swift in Sources */,
				BFD796212D0AC5CE00C42B52 /* Spoken_languages.swift in Sources */,
				BF9690DA2D0AD18B0080722B /* MovieCastRetriever.swift in Sources */,
				BFD795402D0A150600C42B52 /* MovieCastTableViewCell.swift in Sources */,
				BFD796052D0A293A00C42B52 /* MovieSearchViewModel.swift in Sources */,
				BFD796002D0A1E0000C42B52 /* MovieBase.swift in Sources */,
				BFD796112D0AAD4A00C42B52 /* UIView.swift in Sources */,
				BF9690DC2D0AD2B10080722B /* MovieCast.swift in Sources */,
				BFD795412D0A150600C42B52 /* MovieDescriptionTableViewCell.swift in Sources */,
				BFD7960A2D0AABBF00C42B52 /* AlertHelper.swift in Sources */,
				BFD795422D0A150600C42B52 /* MovieTitleDetailCell.swift in Sources */,
				BF96918F2D0B64AB0080722B /* MovieStorage.swift in Sources */,
				BFD796152D0AC2F700C42B52 /* MovieDetailRetriever.swift in Sources */,
				BFD796192D0AC57F00C42B52 /* Belongs_to_collection.swift in Sources */,
				BFD795FE2D0A1D3B00C42B52 /* MovieResults.swift in Sources */,
				BFD796032D0A24BB00C42B52 /* MovieDiscoverRetriever.swift in Sources */,
				BFD795432D0A150600C42B52 /* MovieDetailViewController.swift in Sources */,
				BFD7961D2D0AC5AE00C42B52 /* Production_companies.swift in Sources */,
				BFD7960C2D0AABF100C42B52 /* Strings.swift in Sources */,
				BFD796232D0AC6DE00C42B52 /* MovieDetailViewModel.swift in Sources */,
				BFD796072D0A2C9C00C42B52 /* UIImageView.swift in Sources */,
				BFD795442D0A150600C42B52 /* MovieSearchViewController.swift in Sources */,
				BF96918A2D0B415D0080722B /* CoreDataManager.swift in Sources */,
				BF9690E02D0AD3180080722B /* Crew.swift in Sources */,
				BFD7960F2D0AAD0D00C42B52 /* ActivityIndicator.swift in Sources */,
				BFD795452D0A150600C42B52 /* AppDelegate.swift in Sources */,
				BFD796132D0AAE7A00C42B52 /* MovieSearchRetriever.swift in Sources */,
				BFD796172D0AC54C00C42B52 /* MovieDetail.swift in Sources */,
				BFD7961B2D0AC59600C42B52 /* Genres.swift in Sources */,
				BFD795FC2D0A180A00C42B52 /* ApiManager.swift in Sources */,
				BFD795462D0A150600C42B52 /* Movie.xcdatamodeld in Sources */,
				BFD795472D0A150600C42B52 /* SceneDelegate.swift in Sources */,
				BFD795482D0A150600C42B52 /* ViewController.swift in Sources */,
			);
			runOnlyForDeploymentPostprocessing = 0;
		};
		BFD792802D089CA600C42B52 /* Sources */ = {
			isa = PBXSourcesBuildPhase;
			buildActionMask = 2147483647;
			files = (
				BFD795532D0A150C00C42B52 /* MovieTests.swift in Sources */,
			);
			runOnlyForDeploymentPostprocessing = 0;
		};
		BFD7928A2D089CA600C42B52 /* Sources */ = {
			isa = PBXSourcesBuildPhase;
			buildActionMask = 2147483647;
			files = (
			);
			runOnlyForDeploymentPostprocessing = 0;
		};
/* End PBXSourcesBuildPhase section */

/* Begin PBXTargetDependency section */
		BFD792862D089CA600C42B52 /* PBXTargetDependency */ = {
			isa = PBXTargetDependency;
			target = BFD7926A2D089CA300C42B52 /* Movie */;
			targetProxy = BFD792852D089CA600C42B52 /* PBXContainerItemProxy */;
		};
		BFD792902D089CA600C42B52 /* PBXTargetDependency */ = {
			isa = PBXTargetDependency;
			target = BFD7926A2D089CA300C42B52 /* Movie */;
			targetProxy = BFD7928F2D089CA600C42B52 /* PBXContainerItemProxy */;
		};
/* End PBXTargetDependency section */

/* Begin PBXVariantGroup section */
		BFD795342D0A150600C42B52 /* LaunchScreen.storyboard */ = {
			isa = PBXVariantGroup;
			children = (
				BFD795332D0A150600C42B52 /* Base */,
			);
			name = LaunchScreen.storyboard;
			sourceTree = "<group>";
		};
		BFD795362D0A150600C42B52 /* Main.storyboard */ = {
			isa = PBXVariantGroup;
			children = (
				BFD795352D0A150600C42B52 /* Base */,
			);
			name = Main.storyboard;
			sourceTree = "<group>";
		};
/* End PBXVariantGroup section */

/* Begin XCBuildConfiguration section */
		BFD792982D089CA600C42B52 /* Debug */ = {
			isa = XCBuildConfiguration;
			baseConfigurationReference = 283124E0EF2B11BA39165626 /* Pods-Movie.debug.xcconfig */;
			buildSettings = {
				ASSETCATALOG_COMPILER_APPICON_NAME = AppIcon;
				ASSETCATALOG_COMPILER_GLOBAL_ACCENT_COLOR_NAME = AccentColor;
				CODE_SIGN_STYLE = Automatic;
				CURRENT_PROJECT_VERSION = 1;
				DEVELOPMENT_TEAM = 4WB6UCZQF4;
				GENERATE_INFOPLIST_FILE = YES;
				INFOPLIST_FILE = Movie/Info.plist;
				INFOPLIST_KEY_UIApplicationSupportsIndirectInputEvents = YES;
				INFOPLIST_KEY_UILaunchStoryboardName = LaunchScreen;
				INFOPLIST_KEY_UIMainStoryboardFile = Main;
				INFOPLIST_KEY_UISupportedInterfaceOrientations_iPad = "UIInterfaceOrientationPortrait UIInterfaceOrientationPortraitUpsideDown UIInterfaceOrientationLandscapeLeft UIInterfaceOrientationLandscapeRight";
				INFOPLIST_KEY_UISupportedInterfaceOrientations_iPhone = "UIInterfaceOrientationPortrait UIInterfaceOrientationLandscapeLeft UIInterfaceOrientationLandscapeRight";
				INFOPLIST_KEY_UIUserInterfaceStyle = Light;
				IPHONEOS_DEPLOYMENT_TARGET = 17.6;
				LD_RUNPATH_SEARCH_PATHS = (
					"$(inherited)",
					"@executable_path/Frameworks",
				);
				MARKETING_VERSION = 1.0;
				PRODUCT_BUNDLE_IDENTIFIER = com.multichoice.dstvguideipad;
				PRODUCT_NAME = "$(TARGET_NAME)";
				SWIFT_EMIT_LOC_STRINGS = YES;
				SWIFT_VERSION = 5.0;
				TARGETED_DEVICE_FAMILY = "1,2";
			};
			name = Debug;
		};
		BFD792992D089CA600C42B52 /* Release */ = {
			isa = XCBuildConfiguration;
			baseConfigurationReference = 10E56DFB4C108035CB2148F9 /* Pods-Movie.release.xcconfig */;
			buildSettings = {
				ASSETCATALOG_COMPILER_APPICON_NAME = AppIcon;
				ASSETCATALOG_COMPILER_GLOBAL_ACCENT_COLOR_NAME = AccentColor;
				CODE_SIGN_STYLE = Automatic;
				CURRENT_PROJECT_VERSION = 1;
				DEVELOPMENT_TEAM = 4WB6UCZQF4;
				GENERATE_INFOPLIST_FILE = YES;
				INFOPLIST_FILE = Movie/Info.plist;
				INFOPLIST_KEY_UIApplicationSupportsIndirectInputEvents = YES;
				INFOPLIST_KEY_UILaunchStoryboardName = LaunchScreen;
				INFOPLIST_KEY_UIMainStoryboardFile = Main;
				INFOPLIST_KEY_UISupportedInterfaceOrientations_iPad = "UIInterfaceOrientationPortrait UIInterfaceOrientationPortraitUpsideDown UIInterfaceOrientationLandscapeLeft UIInterfaceOrientationLandscapeRight";
				INFOPLIST_KEY_UISupportedInterfaceOrientations_iPhone = "UIInterfaceOrientationPortrait UIInterfaceOrientationLandscapeLeft UIInterfaceOrientationLandscapeRight";
				INFOPLIST_KEY_UIUserInterfaceStyle = Light;
				IPHONEOS_DEPLOYMENT_TARGET = 17.6;
				LD_RUNPATH_SEARCH_PATHS = (
					"$(inherited)",
					"@executable_path/Frameworks",
				);
				MARKETING_VERSION = 1.0;
				PRODUCT_BUNDLE_IDENTIFIER = com.multichoice.dstvguideipad;
				PRODUCT_NAME = "$(TARGET_NAME)";
				SWIFT_EMIT_LOC_STRINGS = YES;
				SWIFT_VERSION = 5.0;
				TARGETED_DEVICE_FAMILY = "1,2";
			};
			name = Release;
		};
		BFD7929A2D089CA600C42B52 /* Debug */ = {
			isa = XCBuildConfiguration;
			buildSettings = {
				ALWAYS_SEARCH_USER_PATHS = NO;
				ASSETCATALOG_COMPILER_GENERATE_SWIFT_ASSET_SYMBOL_EXTENSIONS = YES;
				CLANG_ANALYZER_NONNULL = YES;
				CLANG_ANALYZER_NUMBER_OBJECT_CONVERSION = YES_AGGRESSIVE;
				CLANG_CXX_LANGUAGE_STANDARD = "gnu++20";
				CLANG_ENABLE_MODULES = YES;
				CLANG_ENABLE_OBJC_ARC = YES;
				CLANG_ENABLE_OBJC_WEAK = YES;
				CLANG_WARN_BLOCK_CAPTURE_AUTORELEASING = YES;
				CLANG_WARN_BOOL_CONVERSION = YES;
				CLANG_WARN_COMMA = YES;
				CLANG_WARN_CONSTANT_CONVERSION = YES;
				CLANG_WARN_DEPRECATED_OBJC_IMPLEMENTATIONS = YES;
				CLANG_WARN_DIRECT_OBJC_ISA_USAGE = YES_ERROR;
				CLANG_WARN_DOCUMENTATION_COMMENTS = YES;
				CLANG_WARN_EMPTY_BODY = YES;
				CLANG_WARN_ENUM_CONVERSION = YES;
				CLANG_WARN_INFINITE_RECURSION = YES;
				CLANG_WARN_INT_CONVERSION = YES;
				CLANG_WARN_NON_LITERAL_NULL_CONVERSION = YES;
				CLANG_WARN_OBJC_IMPLICIT_RETAIN_SELF = YES;
				CLANG_WARN_OBJC_LITERAL_CONVERSION = YES;
				CLANG_WARN_OBJC_ROOT_CLASS = YES_ERROR;
				CLANG_WARN_QUOTED_INCLUDE_IN_FRAMEWORK_HEADER = YES;
				CLANG_WARN_RANGE_LOOP_ANALYSIS = YES;
				CLANG_WARN_STRICT_PROTOTYPES = YES;
				CLANG_WARN_SUSPICIOUS_MOVE = YES;
				CLANG_WARN_UNGUARDED_AVAILABILITY = YES_AGGRESSIVE;
				CLANG_WARN_UNREACHABLE_CODE = YES;
				CLANG_WARN__DUPLICATE_METHOD_MATCH = YES;
				COPY_PHASE_STRIP = NO;
				DEBUG_INFORMATION_FORMAT = dwarf;
				ENABLE_STRICT_OBJC_MSGSEND = YES;
				ENABLE_TESTABILITY = YES;
				ENABLE_USER_SCRIPT_SANDBOXING = YES;
				GCC_C_LANGUAGE_STANDARD = gnu17;
				GCC_DYNAMIC_NO_PIC = NO;
				GCC_NO_COMMON_BLOCKS = YES;
				GCC_OPTIMIZATION_LEVEL = 0;
				GCC_PREPROCESSOR_DEFINITIONS = (
					"DEBUG=1",
					"$(inherited)",
				);
				GCC_WARN_64_TO_32_BIT_CONVERSION = YES;
				GCC_WARN_ABOUT_RETURN_TYPE = YES_ERROR;
				GCC_WARN_UNDECLARED_SELECTOR = YES;
				GCC_WARN_UNINITIALIZED_AUTOS = YES_AGGRESSIVE;
				GCC_WARN_UNUSED_FUNCTION = YES;
				GCC_WARN_UNUSED_VARIABLE = YES;
				IPHONEOS_DEPLOYMENT_TARGET = 18.0;
				LOCALIZATION_PREFERS_STRING_CATALOGS = YES;
				MTL_ENABLE_DEBUG_INFO = INCLUDE_SOURCE;
				MTL_FAST_MATH = YES;
				ONLY_ACTIVE_ARCH = YES;
				SDKROOT = iphoneos;
				SWIFT_ACTIVE_COMPILATION_CONDITIONS = "DEBUG $(inherited)";
				SWIFT_OPTIMIZATION_LEVEL = "-Onone";
			};
			name = Debug;
		};
		BFD7929B2D089CA600C42B52 /* Release */ = {
			isa = XCBuildConfiguration;
			buildSettings = {
				ALWAYS_SEARCH_USER_PATHS = NO;
				ASSETCATALOG_COMPILER_GENERATE_SWIFT_ASSET_SYMBOL_EXTENSIONS = YES;
				CLANG_ANALYZER_NONNULL = YES;
				CLANG_ANALYZER_NUMBER_OBJECT_CONVERSION = YES_AGGRESSIVE;
				CLANG_CXX_LANGUAGE_STANDARD = "gnu++20";
				CLANG_ENABLE_MODULES = YES;
				CLANG_ENABLE_OBJC_ARC = YES;
				CLANG_ENABLE_OBJC_WEAK = YES;
				CLANG_WARN_BLOCK_CAPTURE_AUTORELEASING = YES;
				CLANG_WARN_BOOL_CONVERSION = YES;
				CLANG_WARN_COMMA = YES;
				CLANG_WARN_CONSTANT_CONVERSION = YES;
				CLANG_WARN_DEPRECATED_OBJC_IMPLEMENTATIONS = YES;
				CLANG_WARN_DIRECT_OBJC_ISA_USAGE = YES_ERROR;
				CLANG_WARN_DOCUMENTATION_COMMENTS = YES;
				CLANG_WARN_EMPTY_BODY = YES;
				CLANG_WARN_ENUM_CONVERSION = YES;
				CLANG_WARN_INFINITE_RECURSION = YES;
				CLANG_WARN_INT_CONVERSION = YES;
				CLANG_WARN_NON_LITERAL_NULL_CONVERSION = YES;
				CLANG_WARN_OBJC_IMPLICIT_RETAIN_SELF = YES;
				CLANG_WARN_OBJC_LITERAL_CONVERSION = YES;
				CLANG_WARN_OBJC_ROOT_CLASS = YES_ERROR;
				CLANG_WARN_QUOTED_INCLUDE_IN_FRAMEWORK_HEADER = YES;
				CLANG_WARN_RANGE_LOOP_ANALYSIS = YES;
				CLANG_WARN_STRICT_PROTOTYPES = YES;
				CLANG_WARN_SUSPICIOUS_MOVE = YES;
				CLANG_WARN_UNGUARDED_AVAILABILITY = YES_AGGRESSIVE;
				CLANG_WARN_UNREACHABLE_CODE = YES;
				CLANG_WARN__DUPLICATE_METHOD_MATCH = YES;
				COPY_PHASE_STRIP = NO;
				DEBUG_INFORMATION_FORMAT = "dwarf-with-dsym";
				ENABLE_NS_ASSERTIONS = NO;
				ENABLE_STRICT_OBJC_MSGSEND = YES;
				ENABLE_USER_SCRIPT_SANDBOXING = YES;
				GCC_C_LANGUAGE_STANDARD = gnu17;
				GCC_NO_COMMON_BLOCKS = YES;
				GCC_WARN_64_TO_32_BIT_CONVERSION = YES;
				GCC_WARN_ABOUT_RETURN_TYPE = YES_ERROR;
				GCC_WARN_UNDECLARED_SELECTOR = YES;
				GCC_WARN_UNINITIALIZED_AUTOS = YES_AGGRESSIVE;
				GCC_WARN_UNUSED_FUNCTION = YES;
				GCC_WARN_UNUSED_VARIABLE = YES;
				IPHONEOS_DEPLOYMENT_TARGET = 18.0;
				LOCALIZATION_PREFERS_STRING_CATALOGS = YES;
				MTL_ENABLE_DEBUG_INFO = NO;
				MTL_FAST_MATH = YES;
				SDKROOT = iphoneos;
				SWIFT_COMPILATION_MODE = wholemodule;
				VALIDATE_PRODUCT = YES;
			};
			name = Release;
		};
		BFD7929D2D089CA600C42B52 /* Debug */ = {
			isa = XCBuildConfiguration;
			buildSettings = {
				BUNDLE_LOADER = "$(TEST_HOST)";
				CODE_SIGN_STYLE = Automatic;
				CURRENT_PROJECT_VERSION = 1;
				GENERATE_INFOPLIST_FILE = YES;
				IPHONEOS_DEPLOYMENT_TARGET = 18.0;
				MARKETING_VERSION = 1.0;
				PRODUCT_BUNDLE_IDENTIFIER = com.tushar.MovieTests;
				PRODUCT_NAME = "$(TARGET_NAME)";
				SWIFT_EMIT_LOC_STRINGS = NO;
				SWIFT_VERSION = 5.0;
				TARGETED_DEVICE_FAMILY = "1,2";
				TEST_HOST = "$(BUILT_PRODUCTS_DIR)/Movie.app/$(BUNDLE_EXECUTABLE_FOLDER_PATH)/Movie";
			};
			name = Debug;
		};
		BFD7929E2D089CA600C42B52 /* Release */ = {
			isa = XCBuildConfiguration;
			buildSettings = {
				BUNDLE_LOADER = "$(TEST_HOST)";
				CODE_SIGN_STYLE = Automatic;
				CURRENT_PROJECT_VERSION = 1;
				GENERATE_INFOPLIST_FILE = YES;
				IPHONEOS_DEPLOYMENT_TARGET = 18.0;
				MARKETING_VERSION = 1.0;
				PRODUCT_BUNDLE_IDENTIFIER = com.tushar.MovieTests;
				PRODUCT_NAME = "$(TARGET_NAME)";
				SWIFT_EMIT_LOC_STRINGS = NO;
				SWIFT_VERSION = 5.0;
				TARGETED_DEVICE_FAMILY = "1,2";
				TEST_HOST = "$(BUILT_PRODUCTS_DIR)/Movie.app/$(BUNDLE_EXECUTABLE_FOLDER_PATH)/Movie";
			};
			name = Release;
		};
		BFD792A02D089CA600C42B52 /* Debug */ = {
			isa = XCBuildConfiguration;
			buildSettings = {
				CODE_SIGN_STYLE = Automatic;
				CURRENT_PROJECT_VERSION = 1;
				GENERATE_INFOPLIST_FILE = YES;
				MARKETING_VERSION = 1.0;
				PRODUCT_BUNDLE_IDENTIFIER = com.tushar.MovieUITests;
				PRODUCT_NAME = "$(TARGET_NAME)";
				SWIFT_EMIT_LOC_STRINGS = NO;
				SWIFT_VERSION = 5.0;
				TARGETED_DEVICE_FAMILY = "1,2";
				TEST_TARGET_NAME = Movie;
			};
			name = Debug;
		};
		BFD792A12D089CA600C42B52 /* Release */ = {
			isa = XCBuildConfiguration;
			buildSettings = {
				CODE_SIGN_STYLE = Automatic;
				CURRENT_PROJECT_VERSION = 1;
				GENERATE_INFOPLIST_FILE = YES;
				MARKETING_VERSION = 1.0;
				PRODUCT_BUNDLE_IDENTIFIER = com.tushar.MovieUITests;
				PRODUCT_NAME = "$(TARGET_NAME)";
				SWIFT_EMIT_LOC_STRINGS = NO;
				SWIFT_VERSION = 5.0;
				TARGETED_DEVICE_FAMILY = "1,2";
				TEST_TARGET_NAME = Movie;
			};
			name = Release;
		};
/* End XCBuildConfiguration section */

/* Begin XCConfigurationList section */
		BFD792662D089CA300C42B52 /* Build configuration list for PBXProject "Movie" */ = {
			isa = XCConfigurationList;
			buildConfigurations = (
				BFD7929A2D089CA600C42B52 /* Debug */,
				BFD7929B2D089CA600C42B52 /* Release */,
			);
			defaultConfigurationIsVisible = 0;
			defaultConfigurationName = Release;
		};
		BFD792972D089CA600C42B52 /* Build configuration list for PBXNativeTarget "Movie" */ = {
			isa = XCConfigurationList;
			buildConfigurations = (
				BFD792982D089CA600C42B52 /* Debug */,
				BFD792992D089CA600C42B52 /* Release */,
			);
			defaultConfigurationIsVisible = 0;
			defaultConfigurationName = Release;
		};
		BFD7929C2D089CA600C42B52 /* Build configuration list for PBXNativeTarget "MovieTests" */ = {
			isa = XCConfigurationList;
			buildConfigurations = (
				BFD7929D2D089CA600C42B52 /* Debug */,
				BFD7929E2D089CA600C42B52 /* Release */,
			);
			defaultConfigurationIsVisible = 0;
			defaultConfigurationName = Release;
		};
		BFD7929F2D089CA600C42B52 /* Build configuration list for PBXNativeTarget "MovieUITests" */ = {
			isa = XCConfigurationList;
			buildConfigurations = (
				BFD792A02D089CA600C42B52 /* Debug */,
				BFD792A12D089CA600C42B52 /* Release */,
			);
			defaultConfigurationIsVisible = 0;
			defaultConfigurationName = Release;
		};
/* End XCConfigurationList section */

/* Begin XCVersionGroup section */
		BFD795372D0A150600C42B52 /* Movie.xcdatamodeld */ = {
			isa = XCVersionGroup;
			children = (
				BFD7953B2D0A150600C42B52 /* Movie.xcdatamodel */,
			);
			currentVersion = BFD7953B2D0A150600C42B52 /* Movie.xcdatamodel */;
			path = Movie.xcdatamodeld;
			sourceTree = "<group>";
			versionGroupType = wrapper.xcdatamodel;
		};
/* End XCVersionGroup section */
	};
	rootObject = BFD792632D089CA300C42B52 /* Project object */;
}
